
Microsoft Visual Studio Solution File, Format Version 12.00
# Visual Studio Version 17
VisualStudioVersion = 17.9.34728.123
MinimumVisualStudioVersion = 10.0.40219.1
Project("{FAE04EC0-301F-11D3-BF4B-00C04F79EFBC}") = "labsheet 03 question1", "labsheet 03 question1\labsheet 03 question1.csproj", "{2A949764-1E47-474F-9DC2-625B92E927F0}"
EndProject
Global
	GlobalSection(SolutionConfigurationPlatforms) = preSolution
		Debug|Any CPU = Debug|Any CPU
		Release|Any CPU = Release|Any CPU
	EndGlobalSection
	GlobalSection(ProjectConfigurationPlatforms) = postSolution
		{2A949764-1E47-474F-9DC2-625B92E927F0}.Debug|Any CPU.ActiveCfg = Debug|Any CPU
		{2A949764-1E47-474F-9DC2-625B92E927F0}.Debug|Any CPU.Build.0 = Debug|Any CPU
		{2A949764-1E47-474F-9DC2-625B92E927F0}.Release|Any CPU.ActiveCfg = Release|Any CPU
		{2A949764-1E47-474F-9DC2-625B92E927F0}.Release|Any CPU.Build.0 = Release|Any CPU
	EndGlobalSection
	GlobalSection(SolutionProperties) = preSolution
		HideSolutionNode = FALSE
	EndGlobalSection
	GlobalSection(ExtensibilityGlobals) = postSolution
		SolutionGuid = {7D3F187E-8DF1-4C3E-940E-B6B040DFA2F0}
	EndGlobalSection
EndGlobal
